
Microsoft Visual Studio Solution File, Format Version 12.00
# Visual Studio 15
VisualStudioVersion = 15.0.28307.572
MinimumVisualStudioVersion = 10.0.40219.1
Project("{9A19103F-16F7-4668-BE54-9A1E7A4F7556}") = "Acronym", "acronym\Acronym.csproj", "{03992216-435D-490B-9CA0-CDE40F5E48A0}"
EndProject
Project("{9A19103F-16F7-4668-BE54-9A1E7A4F7556}") = "CollatzConjecture", "collatz-conjecture\CollatzConjecture.csproj", "{BA82640A-9656-4D2B-B310-A8C7D834D0E2}"
EndProject
Project("{9A19103F-16F7-4668-BE54-9A1E7A4F7556}") = "DndCharacter", "dnd-character\DndCharacter.csproj", "{443B57D8-224D-43E8-93E6-0118528BD13E}"
EndProject
Project("{9A19103F-16F7-4668-BE54-9A1E7A4F7556}") = "Gigasecond", "gigasecond\Gigasecond.csproj", "{51AB1571-8FA9-4BBD-A74D-871E2268C85D}"
EndProject
Project("{9A19103F-16F7-4668-BE54-9A1E7A4F7556}") = "Grains", "grains\Grains.csproj", "{57663321-0194-449B-A676-064E6C65CBF9}"
EndProject
Project("{9A19103F-16F7-4668-BE54-9A1E7A4F7556}") = "HelloWorld", "hello-world\HelloWorld.csproj", "{051E4C7C-03FD-46E2-B02B-D74F6478D749}"
EndProject
Project("{9A19103F-16F7-4668-BE54-9A1E7A4F7556}") = "Isogram", "isogram\Isogram.csproj", "{71457CC1-25F9-48DA-B0AF-23D3CA334B71}"
EndProject
Project("{9A19103F-16F7-4668-BE54-9A1E7A4F7556}") = "Leap", "leap\Leap.csproj", "{BA4FEE2D-4CDD-456A-8B45-CC3AB674855F}"
EndProject
Project("{9A19103F-16F7-4668-BE54-9A1E7A4F7556}") = "Pangram", "pangram\Pangram.csproj", "{1C395DA1-98DF-461C-8243-A4036AA094CE}"
EndProject
Project("{9A19103F-16F7-4668-BE54-9A1E7A4F7556}") = "PerfectNumbers", "perfect-numbers\PerfectNumbers.csproj", "{944CF4DB-A0C0-43BA-804B-41F30EAF7067}"
EndProject
Project("{9A19103F-16F7-4668-BE54-9A1E7A4F7556}") = "ResistorColor", "resistor-color\ResistorColor.csproj", "{404B98C0-C2E6-4C52-ADCB-9F6DCA6235CE}"
EndProject
Project("{9A19103F-16F7-4668-BE54-9A1E7A4F7556}") = "ReverseString", "reverse-string\ReverseString.csproj", "{8D2CAF13-BFCD-4CD3-A7B0-7C10AA71E043}"
EndProject
Project("{9A19103F-16F7-4668-BE54-9A1E7A4F7556}") = "RnaTranscription", "rna-transcription\RnaTranscription.csproj", "{8A38C8E1-9164-4104-AD2A-3DF5BAEE73F3}"
EndProject
Project("{9A19103F-16F7-4668-BE54-9A1E7A4F7556}") = "SpaceAge", "space-age\SpaceAge.csproj", "{7558C12A-A973-4061-A445-41F3248C774E}"
EndProject
Project("{9A19103F-16F7-4668-BE54-9A1E7A4F7556}") = "TwoFer", "two-fer\TwoFer.csproj", "{16249AE9-FF2E-4D3D-AE35-E6240D16DBA3}"
EndProject
Project("{9A19103F-16F7-4668-BE54-9A1E7A4F7556}") = "HighScores", "high-scores\HighScores.csproj", "{B75EDC62-0B0F-4BA6-AF60-15183982BCFA}"
EndProject
Project("{9A19103F-16F7-4668-BE54-9A1E7A4F7556}") = "Hamming", "hamming\Hamming.csproj", "{3C446201-6568-4E35-A896-37A3E2E43D34}"
EndProject
Project("{9A19103F-16F7-4668-BE54-9A1E7A4F7556}") = "Pov", "pov\Pov.csproj", "{B93F317A-13C0-493D-8E8F-D8B7FDE812D9}"
EndProject
Project("{9A19103F-16F7-4668-BE54-9A1E7A4F7556}") = "NucleotideCount", "nucleotide-count\NucleotideCount.csproj", "{09A981D2-8B4E-4E68-AC29-C71BF1CB4C7B}"
EndProject
Project("{9A19103F-16F7-4668-BE54-9A1E7A4F7556}") = "RobotName", "robot-name\RobotName.csproj", "{5154BD08-64EA-4C04-A8B8-8640B5AD378C}"
EndProject
Project("{9A19103F-16F7-4668-BE54-9A1E7A4F7556}") = "Allergies", "allergies\Allergies.csproj", "{F8CAF687-E2BF-48CC-9EF1-AAF48C653D5A}"
EndProject
Project("{9A19103F-16F7-4668-BE54-9A1E7A4F7556}") = "GradeSchool", "grade-school\GradeSchool.csproj", "{471AD6D1-9068-4997-B64C-7B0EB4CF8958}"
EndProject
Project("{9A19103F-16F7-4668-BE54-9A1E7A4F7556}") = "SumOfMultiples", "sum-of-multiples\SumOfMultiples.csproj", "{F842EA84-7BC2-45C8-9ABB-2D3284B37646}"
EndProject
Project("{9A19103F-16F7-4668-BE54-9A1E7A4F7556}") = "BinarySearch", "binary-search\BinarySearch.csproj", "{3ED9B24E-454D-42D7-AEB6-580462DDA35A}"
EndProject
Project("{9A19103F-16F7-4668-BE54-9A1E7A4F7556}") = "ErrorHandling", "error-handling\ErrorHandling.csproj", "{7309E367-F6E9-4D69-8782-0B1E65D90E21}"
EndProject
Project("{9A19103F-16F7-4668-BE54-9A1E7A4F7556}") = "QueenAttack", "queen-attack\QueenAttack.csproj", "{D42CFF53-B4CF-470D-A059-3903FB73A0CD}"
EndProject
Project("{9A19103F-16F7-4668-BE54-9A1E7A4F7556}") = "RobotSimulator", "robot-simulator\RobotSimulator.csproj", "{D1D525D1-518B-48C8-A14A-C0B06FA73C41}"
EndProject
Project("{9A19103F-16F7-4668-BE54-9A1E7A4F7556}") = "SecretHandshake", "secret-handshake\SecretHandshake.csproj", "{11DC3AB3-2169-4801-BB29-B7C32CACFC58}"
EndProject
Project("{9A19103F-16F7-4668-BE54-9A1E7A4F7556}") = "Etl", "etl\Etl.csproj", "{89629ED4-A30C-4C21-B908-243E13339FC5}"
EndProject
Project("{9A19103F-16F7-4668-BE54-9A1E7A4F7556}") = "Raindrops", "raindrops\Raindrops.csproj", "{5DD624C7-0C7E-45E3-9D59-7F31987432E1}"
EndProject
Project("{9A19103F-16F7-4668-BE54-9A1E7A4F7556}") = "PhoneNumber", "phone-number\PhoneNumber.csproj", "{2CEC84E3-809A-409D-8947-DA7AC67A8BED}"
EndProject
Project("{9A19103F-16F7-4668-BE54-9A1E7A4F7556}") = "ArmstrongNumbers", "armstrong-numbers\ArmstrongNumbers.csproj", "{62554F11-0C66-4438-AD70-E5F1C78F9A61}"
EndProject
Project("{9A19103F-16F7-4668-BE54-9A1E7A4F7556}") = "DifferenceOfSquares", "difference-of-squares\DifferenceOfSquares.csproj", "{83FBBF58-C9BB-4EEB-9FFD-870B5991F085}"
EndProject
Project("{9A19103F-16F7-4668-BE54-9A1E7A4F7556}") = "Accumulate", "accumulate\Accumulate.csproj", "{680FD15C-EDB3-4072-8314-5A31D525D9BA}"
EndProject
Project("{9A19103F-16F7-4668-BE54-9A1E7A4F7556}") = "Series", "series\Series.csproj", "{D6B44552-B482-4433-A380-AB29B863F454}"
EndProject
Project("{2150E333-8FDC-42A3-9474-1A3956D46DE8}") = "Easy", "Easy", "{22C4C2DA-E540-4325-810F-8E5220182E87}"
EndProject
Project("{2150E333-8FDC-42A3-9474-1A3956D46DE8}") = "Hard", "Hard", "{73CB3FB9-812D-4942-948A-252027DF8CA8}"
EndProject
Project("{2150E333-8FDC-42A3-9474-1A3956D46DE8}") = "Medium", "Medium", "{5DB3A579-754F-4571-AB2F-4D333AD13A64}"
EndProject
Project("{9A19103F-16F7-4668-BE54-9A1E7A4F7556}") = "Strain", "strain\Strain.csproj", "{59EC4271-DA20-4E68-A4DE-739E7F1E8C1B}"
EndProject
Project("{9A19103F-16F7-4668-BE54-9A1E7A4F7556}") = "Darts", "darts\Darts.csproj", "{C44A9C63-12FE-46DA-8250-602DEE42BF14}"
EndProject
Project("{9A19103F-16F7-4668-BE54-9A1E7A4F7556}") = "KindergartenGarden", "kindergarten-garden\KindergartenGarden.csproj", "{8F71412A-1CA7-41CB-88FF-0C891FC95151}"
EndProject
Project("{9A19103F-16F7-4668-BE54-9A1E7A4F7556}") = "Sieve", "sieve\Sieve.csproj", "{D1060FAB-0A42-4431-BADE-EC7807A6FBC5}"
EndProject
Project("{9A19103F-16F7-4668-BE54-9A1E7A4F7556}") = "Triangle", "triangle\Triangle.csproj", "{A3FF46F0-8816-4BF6-BA36-D642A0BE3F28}"
EndProject
Project("{9A19103F-16F7-4668-BE54-9A1E7A4F7556}") = "BeerSong", "beer-song\BeerSong.csproj", "{DFFEB8CD-BE93-4E74-BF42-F46EB63BBA0D}"
EndProject
Project("{9A19103F-16F7-4668-BE54-9A1E7A4F7556}") = "Proverb", "proverb\Proverb.csproj", "{A48626A2-CF20-4EC8-9823-FF1DDA0D4CB7}"
EndProject
Project("{9A19103F-16F7-4668-BE54-9A1E7A4F7556}") = "ProteinTranslation", "protein-translation\ProteinTranslation.csproj", "{E455F2BA-789B-40CD-95FB-01E372F574CB}"
EndProject
Project("{9A19103F-16F7-4668-BE54-9A1E7A4F7556}") = "ScrabbleScore", "scrabble-score\ScrabbleScore.csproj", "{206483F4-7B17-4656-BC03-5AE929A17EA2}"
EndProject
Global
	GlobalSection(SolutionConfigurationPlatforms) = preSolution
		Debug|Any CPU = Debug|Any CPU
		Release|Any CPU = Release|Any CPU
	EndGlobalSection
	GlobalSection(ProjectConfigurationPlatforms) = postSolution
		{03992216-435D-490B-9CA0-CDE40F5E48A0}.Debug|Any CPU.ActiveCfg = Debug|Any CPU
		{03992216-435D-490B-9CA0-CDE40F5E48A0}.Debug|Any CPU.Build.0 = Debug|Any CPU
		{03992216-435D-490B-9CA0-CDE40F5E48A0}.Release|Any CPU.ActiveCfg = Release|Any CPU
		{03992216-435D-490B-9CA0-CDE40F5E48A0}.Release|Any CPU.Build.0 = Release|Any CPU
		{BA82640A-9656-4D2B-B310-A8C7D834D0E2}.Debug|Any CPU.ActiveCfg = Debug|Any CPU
		{BA82640A-9656-4D2B-B310-A8C7D834D0E2}.Debug|Any CPU.Build.0 = Debug|Any CPU
		{BA82640A-9656-4D2B-B310-A8C7D834D0E2}.Release|Any CPU.ActiveCfg = Release|Any CPU
		{BA82640A-9656-4D2B-B310-A8C7D834D0E2}.Release|Any CPU.Build.0 = Release|Any CPU
		{443B57D8-224D-43E8-93E6-0118528BD13E}.Debug|Any CPU.ActiveCfg = Debug|Any CPU
		{443B57D8-224D-43E8-93E6-0118528BD13E}.Debug|Any CPU.Build.0 = Debug|Any CPU
		{443B57D8-224D-43E8-93E6-0118528BD13E}.Release|Any CPU.ActiveCfg = Release|Any CPU
		{443B57D8-224D-43E8-93E6-0118528BD13E}.Release|Any CPU.Build.0 = Release|Any CPU
		{51AB1571-8FA9-4BBD-A74D-871E2268C85D}.Debug|Any CPU.ActiveCfg = Debug|Any CPU
		{51AB1571-8FA9-4BBD-A74D-871E2268C85D}.Debug|Any CPU.Build.0 = Debug|Any CPU
		{51AB1571-8FA9-4BBD-A74D-871E2268C85D}.Release|Any CPU.ActiveCfg = Release|Any CPU
		{51AB1571-8FA9-4BBD-A74D-871E2268C85D}.Release|Any CPU.Build.0 = Release|Any CPU
		{57663321-0194-449B-A676-064E6C65CBF9}.Debug|Any CPU.ActiveCfg = Debug|Any CPU
		{57663321-0194-449B-A676-064E6C65CBF9}.Debug|Any CPU.Build.0 = Debug|Any CPU
		{57663321-0194-449B-A676-064E6C65CBF9}.Release|Any CPU.ActiveCfg = Release|Any CPU
		{57663321-0194-449B-A676-064E6C65CBF9}.Release|Any CPU.Build.0 = Release|Any CPU
		{051E4C7C-03FD-46E2-B02B-D74F6478D749}.Debug|Any CPU.ActiveCfg = Debug|Any CPU
		{051E4C7C-03FD-46E2-B02B-D74F6478D749}.Debug|Any CPU.Build.0 = Debug|Any CPU
		{051E4C7C-03FD-46E2-B02B-D74F6478D749}.Release|Any CPU.ActiveCfg = Release|Any CPU
		{051E4C7C-03FD-46E2-B02B-D74F6478D749}.Release|Any CPU.Build.0 = Release|Any CPU
		{71457CC1-25F9-48DA-B0AF-23D3CA334B71}.Debug|Any CPU.ActiveCfg = Debug|Any CPU
		{71457CC1-25F9-48DA-B0AF-23D3CA334B71}.Debug|Any CPU.Build.0 = Debug|Any CPU
		{71457CC1-25F9-48DA-B0AF-23D3CA334B71}.Release|Any CPU.ActiveCfg = Release|Any CPU
		{71457CC1-25F9-48DA-B0AF-23D3CA334B71}.Release|Any CPU.Build.0 = Release|Any CPU
		{BA4FEE2D-4CDD-456A-8B45-CC3AB674855F}.Debug|Any CPU.ActiveCfg = Debug|Any CPU
		{BA4FEE2D-4CDD-456A-8B45-CC3AB674855F}.Debug|Any CPU.Build.0 = Debug|Any CPU
		{BA4FEE2D-4CDD-456A-8B45-CC3AB674855F}.Release|Any CPU.ActiveCfg = Release|Any CPU
		{BA4FEE2D-4CDD-456A-8B45-CC3AB674855F}.Release|Any CPU.Build.0 = Release|Any CPU
		{1C395DA1-98DF-461C-8243-A4036AA094CE}.Debug|Any CPU.ActiveCfg = Debug|Any CPU
		{1C395DA1-98DF-461C-8243-A4036AA094CE}.Debug|Any CPU.Build.0 = Debug|Any CPU
		{1C395DA1-98DF-461C-8243-A4036AA094CE}.Release|Any CPU.ActiveCfg = Release|Any CPU
		{1C395DA1-98DF-461C-8243-A4036AA094CE}.Release|Any CPU.Build.0 = Release|Any CPU
		{944CF4DB-A0C0-43BA-804B-41F30EAF7067}.Debug|Any CPU.ActiveCfg = Debug|Any CPU
		{944CF4DB-A0C0-43BA-804B-41F30EAF7067}.Debug|Any CPU.Build.0 = Debug|Any CPU
		{944CF4DB-A0C0-43BA-804B-41F30EAF7067}.Release|Any CPU.ActiveCfg = Release|Any CPU
		{944CF4DB-A0C0-43BA-804B-41F30EAF7067}.Release|Any CPU.Build.0 = Release|Any CPU
		{404B98C0-C2E6-4C52-ADCB-9F6DCA6235CE}.Debug|Any CPU.ActiveCfg = Debug|Any CPU
		{404B98C0-C2E6-4C52-ADCB-9F6DCA6235CE}.Debug|Any CPU.Build.0 = Debug|Any CPU
		{404B98C0-C2E6-4C52-ADCB-9F6DCA6235CE}.Release|Any CPU.ActiveCfg = Release|Any CPU
		{404B98C0-C2E6-4C52-ADCB-9F6DCA6235CE}.Release|Any CPU.Build.0 = Release|Any CPU
		{8D2CAF13-BFCD-4CD3-A7B0-7C10AA71E043}.Debug|Any CPU.ActiveCfg = Debug|Any CPU
		{8D2CAF13-BFCD-4CD3-A7B0-7C10AA71E043}.Debug|Any CPU.Build.0 = Debug|Any CPU
		{8D2CAF13-BFCD-4CD3-A7B0-7C10AA71E043}.Release|Any CPU.ActiveCfg = Release|Any CPU
		{8D2CAF13-BFCD-4CD3-A7B0-7C10AA71E043}.Release|Any CPU.Build.0 = Release|Any CPU
		{8A38C8E1-9164-4104-AD2A-3DF5BAEE73F3}.Debug|Any CPU.ActiveCfg = Debug|Any CPU
		{8A38C8E1-9164-4104-AD2A-3DF5BAEE73F3}.Debug|Any CPU.Build.0 = Debug|Any CPU
		{8A38C8E1-9164-4104-AD2A-3DF5BAEE73F3}.Release|Any CPU.ActiveCfg = Release|Any CPU
		{8A38C8E1-9164-4104-AD2A-3DF5BAEE73F3}.Release|Any CPU.Build.0 = Release|Any CPU
		{7558C12A-A973-4061-A445-41F3248C774E}.Debug|Any CPU.ActiveCfg = Debug|Any CPU
		{7558C12A-A973-4061-A445-41F3248C774E}.Debug|Any CPU.Build.0 = Debug|Any CPU
		{7558C12A-A973-4061-A445-41F3248C774E}.Release|Any CPU.ActiveCfg = Release|Any CPU
		{7558C12A-A973-4061-A445-41F3248C774E}.Release|Any CPU.Build.0 = Release|Any CPU
		{16249AE9-FF2E-4D3D-AE35-E6240D16DBA3}.Debug|Any CPU.ActiveCfg = Debug|Any CPU
		{16249AE9-FF2E-4D3D-AE35-E6240D16DBA3}.Debug|Any CPU.Build.0 = Debug|Any CPU
		{16249AE9-FF2E-4D3D-AE35-E6240D16DBA3}.Release|Any CPU.ActiveCfg = Release|Any CPU
		{16249AE9-FF2E-4D3D-AE35-E6240D16DBA3}.Release|Any CPU.Build.0 = Release|Any CPU
		{B75EDC62-0B0F-4BA6-AF60-15183982BCFA}.Debug|Any CPU.ActiveCfg = Debug|Any CPU
		{B75EDC62-0B0F-4BA6-AF60-15183982BCFA}.Debug|Any CPU.Build.0 = Debug|Any CPU
		{B75EDC62-0B0F-4BA6-AF60-15183982BCFA}.Release|Any CPU.ActiveCfg = Release|Any CPU
		{B75EDC62-0B0F-4BA6-AF60-15183982BCFA}.Release|Any CPU.Build.0 = Release|Any CPU
		{3C446201-6568-4E35-A896-37A3E2E43D34}.Debug|Any CPU.ActiveCfg = Debug|Any CPU
		{3C446201-6568-4E35-A896-37A3E2E43D34}.Debug|Any CPU.Build.0 = Debug|Any CPU
		{3C446201-6568-4E35-A896-37A3E2E43D34}.Release|Any CPU.ActiveCfg = Release|Any CPU
		{3C446201-6568-4E35-A896-37A3E2E43D34}.Release|Any CPU.Build.0 = Release|Any CPU
		{B93F317A-13C0-493D-8E8F-D8B7FDE812D9}.Debug|Any CPU.ActiveCfg = Debug|Any CPU
		{B93F317A-13C0-493D-8E8F-D8B7FDE812D9}.Debug|Any CPU.Build.0 = Debug|Any CPU
		{B93F317A-13C0-493D-8E8F-D8B7FDE812D9}.Release|Any CPU.ActiveCfg = Release|Any CPU
		{B93F317A-13C0-493D-8E8F-D8B7FDE812D9}.Release|Any CPU.Build.0 = Release|Any CPU
		{09A981D2-8B4E-4E68-AC29-C71BF1CB4C7B}.Debug|Any CPU.ActiveCfg = Debug|Any CPU
		{09A981D2-8B4E-4E68-AC29-C71BF1CB4C7B}.Debug|Any CPU.Build.0 = Debug|Any CPU
		{09A981D2-8B4E-4E68-AC29-C71BF1CB4C7B}.Release|Any CPU.ActiveCfg = Release|Any CPU
		{09A981D2-8B4E-4E68-AC29-C71BF1CB4C7B}.Release|Any CPU.Build.0 = Release|Any CPU
		{5154BD08-64EA-4C04-A8B8-8640B5AD378C}.Debug|Any CPU.ActiveCfg = Debug|Any CPU
		{5154BD08-64EA-4C04-A8B8-8640B5AD378C}.Debug|Any CPU.Build.0 = Debug|Any CPU
		{5154BD08-64EA-4C04-A8B8-8640B5AD378C}.Release|Any CPU.ActiveCfg = Release|Any CPU
		{5154BD08-64EA-4C04-A8B8-8640B5AD378C}.Release|Any CPU.Build.0 = Release|Any CPU
		{F8CAF687-E2BF-48CC-9EF1-AAF48C653D5A}.Debug|Any CPU.ActiveCfg = Debug|Any CPU
		{F8CAF687-E2BF-48CC-9EF1-AAF48C653D5A}.Debug|Any CPU.Build.0 = Debug|Any CPU
		{F8CAF687-E2BF-48CC-9EF1-AAF48C653D5A}.Release|Any CPU.ActiveCfg = Release|Any CPU
		{F8CAF687-E2BF-48CC-9EF1-AAF48C653D5A}.Release|Any CPU.Build.0 = Release|Any CPU
		{471AD6D1-9068-4997-B64C-7B0EB4CF8958}.Debug|Any CPU.ActiveCfg = Debug|Any CPU
		{471AD6D1-9068-4997-B64C-7B0EB4CF8958}.Debug|Any CPU.Build.0 = Debug|Any CPU
		{471AD6D1-9068-4997-B64C-7B0EB4CF8958}.Release|Any CPU.ActiveCfg = Release|Any CPU
		{471AD6D1-9068-4997-B64C-7B0EB4CF8958}.Release|Any CPU.Build.0 = Release|Any CPU
		{F842EA84-7BC2-45C8-9ABB-2D3284B37646}.Debug|Any CPU.ActiveCfg = Debug|Any CPU
		{F842EA84-7BC2-45C8-9ABB-2D3284B37646}.Debug|Any CPU.Build.0 = Debug|Any CPU
		{F842EA84-7BC2-45C8-9ABB-2D3284B37646}.Release|Any CPU.ActiveCfg = Release|Any CPU
		{F842EA84-7BC2-45C8-9ABB-2D3284B37646}.Release|Any CPU.Build.0 = Release|Any CPU
		{3ED9B24E-454D-42D7-AEB6-580462DDA35A}.Debug|Any CPU.ActiveCfg = Debug|Any CPU
		{3ED9B24E-454D-42D7-AEB6-580462DDA35A}.Debug|Any CPU.Build.0 = Debug|Any CPU
		{3ED9B24E-454D-42D7-AEB6-580462DDA35A}.Release|Any CPU.ActiveCfg = Release|Any CPU
		{3ED9B24E-454D-42D7-AEB6-580462DDA35A}.Release|Any CPU.Build.0 = Release|Any CPU
		{7309E367-F6E9-4D69-8782-0B1E65D90E21}.Debug|Any CPU.ActiveCfg = Debug|Any CPU
		{7309E367-F6E9-4D69-8782-0B1E65D90E21}.Debug|Any CPU.Build.0 = Debug|Any CPU
		{7309E367-F6E9-4D69-8782-0B1E65D90E21}.Release|Any CPU.ActiveCfg = Release|Any CPU
		{7309E367-F6E9-4D69-8782-0B1E65D90E21}.Release|Any CPU.Build.0 = Release|Any CPU
		{D42CFF53-B4CF-470D-A059-3903FB73A0CD}.Debug|Any CPU.ActiveCfg = Debug|Any CPU
		{D42CFF53-B4CF-470D-A059-3903FB73A0CD}.Debug|Any CPU.Build.0 = Debug|Any CPU
		{D42CFF53-B4CF-470D-A059-3903FB73A0CD}.Release|Any CPU.ActiveCfg = Release|Any CPU
		{D42CFF53-B4CF-470D-A059-3903FB73A0CD}.Release|Any CPU.Build.0 = Release|Any CPU
		{D1D525D1-518B-48C8-A14A-C0B06FA73C41}.Debug|Any CPU.ActiveCfg = Debug|Any CPU
		{D1D525D1-518B-48C8-A14A-C0B06FA73C41}.Debug|Any CPU.Build.0 = Debug|Any CPU
		{D1D525D1-518B-48C8-A14A-C0B06FA73C41}.Release|Any CPU.ActiveCfg = Release|Any CPU
		{D1D525D1-518B-48C8-A14A-C0B06FA73C41}.Release|Any CPU.Build.0 = Release|Any CPU
		{11DC3AB3-2169-4801-BB29-B7C32CACFC58}.Debug|Any CPU.ActiveCfg = Debug|Any CPU
		{11DC3AB3-2169-4801-BB29-B7C32CACFC58}.Debug|Any CPU.Build.0 = Debug|Any CPU
		{11DC3AB3-2169-4801-BB29-B7C32CACFC58}.Release|Any CPU.ActiveCfg = Release|Any CPU
		{11DC3AB3-2169-4801-BB29-B7C32CACFC58}.Release|Any CPU.Build.0 = Release|Any CPU
		{89629ED4-A30C-4C21-B908-243E13339FC5}.Debug|Any CPU.ActiveCfg = Debug|Any CPU
		{89629ED4-A30C-4C21-B908-243E13339FC5}.Debug|Any CPU.Build.0 = Debug|Any CPU
		{89629ED4-A30C-4C21-B908-243E13339FC5}.Release|Any CPU.ActiveCfg = Release|Any CPU
		{89629ED4-A30C-4C21-B908-243E13339FC5}.Release|Any CPU.Build.0 = Release|Any CPU
		{5DD624C7-0C7E-45E3-9D59-7F31987432E1}.Debug|Any CPU.ActiveCfg = Debug|Any CPU
		{5DD624C7-0C7E-45E3-9D59-7F31987432E1}.Debug|Any CPU.Build.0 = Debug|Any CPU
		{5DD624C7-0C7E-45E3-9D59-7F31987432E1}.Release|Any CPU.ActiveCfg = Release|Any CPU
		{5DD624C7-0C7E-45E3-9D59-7F31987432E1}.Release|Any CPU.Build.0 = Release|Any CPU
		{2CEC84E3-809A-409D-8947-DA7AC67A8BED}.Debug|Any CPU.ActiveCfg = Debug|Any CPU
		{2CEC84E3-809A-409D-8947-DA7AC67A8BED}.Debug|Any CPU.Build.0 = Debug|Any CPU
		{2CEC84E3-809A-409D-8947-DA7AC67A8BED}.Release|Any CPU.ActiveCfg = Release|Any CPU
		{2CEC84E3-809A-409D-8947-DA7AC67A8BED}.Release|Any CPU.Build.0 = Release|Any CPU
		{62554F11-0C66-4438-AD70-E5F1C78F9A61}.Debug|Any CPU.ActiveCfg = Debug|Any CPU
		{62554F11-0C66-4438-AD70-E5F1C78F9A61}.Debug|Any CPU.Build.0 = Debug|Any CPU
		{62554F11-0C66-4438-AD70-E5F1C78F9A61}.Release|Any CPU.ActiveCfg = Release|Any CPU
		{62554F11-0C66-4438-AD70-E5F1C78F9A61}.Release|Any CPU.Build.0 = Release|Any CPU
		{83FBBF58-C9BB-4EEB-9FFD-870B5991F085}.Debug|Any CPU.ActiveCfg = Debug|Any CPU
		{83FBBF58-C9BB-4EEB-9FFD-870B5991F085}.Debug|Any CPU.Build.0 = Debug|Any CPU
		{83FBBF58-C9BB-4EEB-9FFD-870B5991F085}.Release|Any CPU.ActiveCfg = Release|Any CPU
		{83FBBF58-C9BB-4EEB-9FFD-870B5991F085}.Release|Any CPU.Build.0 = Release|Any CPU
		{680FD15C-EDB3-4072-8314-5A31D525D9BA}.Debug|Any CPU.ActiveCfg = Debug|Any CPU
		{680FD15C-EDB3-4072-8314-5A31D525D9BA}.Debug|Any CPU.Build.0 = Debug|Any CPU
		{680FD15C-EDB3-4072-8314-5A31D525D9BA}.Release|Any CPU.ActiveCfg = Release|Any CPU
		{680FD15C-EDB3-4072-8314-5A31D525D9BA}.Release|Any CPU.Build.0 = Release|Any CPU
		{D6B44552-B482-4433-A380-AB29B863F454}.Debug|Any CPU.ActiveCfg = Debug|Any CPU
		{D6B44552-B482-4433-A380-AB29B863F454}.Debug|Any CPU.Build.0 = Debug|Any CPU
		{D6B44552-B482-4433-A380-AB29B863F454}.Release|Any CPU.ActiveCfg = Release|Any CPU
		{D6B44552-B482-4433-A380-AB29B863F454}.Release|Any CPU.Build.0 = Release|Any CPU
		{59EC4271-DA20-4E68-A4DE-739E7F1E8C1B}.Debug|Any CPU.ActiveCfg = Debug|Any CPU
		{59EC4271-DA20-4E68-A4DE-739E7F1E8C1B}.Debug|Any CPU.Build.0 = Debug|Any CPU
		{59EC4271-DA20-4E68-A4DE-739E7F1E8C1B}.Release|Any CPU.ActiveCfg = Release|Any CPU
		{59EC4271-DA20-4E68-A4DE-739E7F1E8C1B}.Release|Any CPU.Build.0 = Release|Any CPU
		{C44A9C63-12FE-46DA-8250-602DEE42BF14}.Debug|Any CPU.ActiveCfg = Debug|Any CPU
		{C44A9C63-12FE-46DA-8250-602DEE42BF14}.Debug|Any CPU.Build.0 = Debug|Any CPU
		{C44A9C63-12FE-46DA-8250-602DEE42BF14}.Release|Any CPU.ActiveCfg = Release|Any CPU
		{C44A9C63-12FE-46DA-8250-602DEE42BF14}.Release|Any CPU.Build.0 = Release|Any CPU
		{8F71412A-1CA7-41CB-88FF-0C891FC95151}.Debug|Any CPU.ActiveCfg = Debug|Any CPU
		{8F71412A-1CA7-41CB-88FF-0C891FC95151}.Debug|Any CPU.Build.0 = Debug|Any CPU
		{8F71412A-1CA7-41CB-88FF-0C891FC95151}.Release|Any CPU.ActiveCfg = Release|Any CPU
		{8F71412A-1CA7-41CB-88FF-0C891FC95151}.Release|Any CPU.Build.0 = Release|Any CPU
		{D1060FAB-0A42-4431-BADE-EC7807A6FBC5}.Debug|Any CPU.ActiveCfg = Debug|Any CPU
		{D1060FAB-0A42-4431-BADE-EC7807A6FBC5}.Debug|Any CPU.Build.0 = Debug|Any CPU
		{D1060FAB-0A42-4431-BADE-EC7807A6FBC5}.Release|Any CPU.ActiveCfg = Release|Any CPU
		{D1060FAB-0A42-4431-BADE-EC7807A6FBC5}.Release|Any CPU.Build.0 = Release|Any CPU
		{A3FF46F0-8816-4BF6-BA36-D642A0BE3F28}.Debug|Any CPU.ActiveCfg = Debug|Any CPU
		{A3FF46F0-8816-4BF6-BA36-D642A0BE3F28}.Debug|Any CPU.Build.0 = Debug|Any CPU
		{A3FF46F0-8816-4BF6-BA36-D642A0BE3F28}.Release|Any CPU.ActiveCfg = Release|Any CPU
		{A3FF46F0-8816-4BF6-BA36-D642A0BE3F28}.Release|Any CPU.Build.0 = Release|Any CPU
		{DFFEB8CD-BE93-4E74-BF42-F46EB63BBA0D}.Debug|Any CPU.ActiveCfg = Debug|Any CPU
		{DFFEB8CD-BE93-4E74-BF42-F46EB63BBA0D}.Debug|Any CPU.Build.0 = Debug|Any CPU
		{DFFEB8CD-BE93-4E74-BF42-F46EB63BBA0D}.Release|Any CPU.ActiveCfg = Release|Any CPU
		{DFFEB8CD-BE93-4E74-BF42-F46EB63BBA0D}.Release|Any CPU.Build.0 = Release|Any CPU
		{A48626A2-CF20-4EC8-9823-FF1DDA0D4CB7}.Debug|Any CPU.ActiveCfg = Debug|Any CPU
		{A48626A2-CF20-4EC8-9823-FF1DDA0D4CB7}.Debug|Any CPU.Build.0 = Debug|Any CPU
		{A48626A2-CF20-4EC8-9823-FF1DDA0D4CB7}.Release|Any CPU.ActiveCfg = Release|Any CPU
		{A48626A2-CF20-4EC8-9823-FF1DDA0D4CB7}.Release|Any CPU.Build.0 = Release|Any CPU
		{E455F2BA-789B-40CD-95FB-01E372F574CB}.Debug|Any CPU.ActiveCfg = Debug|Any CPU
		{E455F2BA-789B-40CD-95FB-01E372F574CB}.Debug|Any CPU.Build.0 = Debug|Any CPU
		{E455F2BA-789B-40CD-95FB-01E372F574CB}.Release|Any CPU.ActiveCfg = Release|Any CPU
		{E455F2BA-789B-40CD-95FB-01E372F574CB}.Release|Any CPU.Build.0 = Release|Any CPU
		{206483F4-7B17-4656-BC03-5AE929A17EA2}.Debug|Any CPU.ActiveCfg = Debug|Any CPU
		{206483F4-7B17-4656-BC03-5AE929A17EA2}.Debug|Any CPU.Build.0 = Debug|Any CPU
		{206483F4-7B17-4656-BC03-5AE929A17EA2}.Release|Any CPU.ActiveCfg = Release|Any CPU
		{206483F4-7B17-4656-BC03-5AE929A17EA2}.Release|Any CPU.Build.0 = Release|Any CPU
	EndGlobalSection
	GlobalSection(SolutionProperties) = preSolution
		HideSolutionNode = FALSE
	EndGlobalSection
	GlobalSection(NestedProjects) = preSolution
		{03992216-435D-490B-9CA0-CDE40F5E48A0} = {5DB3A579-754F-4571-AB2F-4D333AD13A64}
		{BA82640A-9656-4D2B-B310-A8C7D834D0E2} = {22C4C2DA-E540-4325-810F-8E5220182E87}
		{443B57D8-224D-43E8-93E6-0118528BD13E} = {22C4C2DA-E540-4325-810F-8E5220182E87}
		{51AB1571-8FA9-4BBD-A74D-871E2268C85D} = {22C4C2DA-E540-4325-810F-8E5220182E87}
		{57663321-0194-449B-A676-064E6C65CBF9} = {22C4C2DA-E540-4325-810F-8E5220182E87}
		{051E4C7C-03FD-46E2-B02B-D74F6478D749} = {22C4C2DA-E540-4325-810F-8E5220182E87}
		{71457CC1-25F9-48DA-B0AF-23D3CA334B71} = {22C4C2DA-E540-4325-810F-8E5220182E87}
		{BA4FEE2D-4CDD-456A-8B45-CC3AB674855F} = {22C4C2DA-E540-4325-810F-8E5220182E87}
		{1C395DA1-98DF-461C-8243-A4036AA094CE} = {22C4C2DA-E540-4325-810F-8E5220182E87}
		{944CF4DB-A0C0-43BA-804B-41F30EAF7067} = {22C4C2DA-E540-4325-810F-8E5220182E87}
		{404B98C0-C2E6-4C52-ADCB-9F6DCA6235CE} = {22C4C2DA-E540-4325-810F-8E5220182E87}
		{8D2CAF13-BFCD-4CD3-A7B0-7C10AA71E043} = {22C4C2DA-E540-4325-810F-8E5220182E87}
		{8A38C8E1-9164-4104-AD2A-3DF5BAEE73F3} = {22C4C2DA-E540-4325-810F-8E5220182E87}
		{7558C12A-A973-4061-A445-41F3248C774E} = {22C4C2DA-E540-4325-810F-8E5220182E87}
		{16249AE9-FF2E-4D3D-AE35-E6240D16DBA3} = {22C4C2DA-E540-4325-810F-8E5220182E87}
		{B75EDC62-0B0F-4BA6-AF60-15183982BCFA} = {22C4C2DA-E540-4325-810F-8E5220182E87}
		{3C446201-6568-4E35-A896-37A3E2E43D34} = {22C4C2DA-E540-4325-810F-8E5220182E87}
		{B93F317A-13C0-493D-8E8F-D8B7FDE812D9} = {73CB3FB9-812D-4942-948A-252027DF8CA8}
		{09A981D2-8B4E-4E68-AC29-C71BF1CB4C7B} = {22C4C2DA-E540-4325-810F-8E5220182E87}
		{5154BD08-64EA-4C04-A8B8-8640B5AD378C} = {22C4C2DA-E540-4325-810F-8E5220182E87}
		{F8CAF687-E2BF-48CC-9EF1-AAF48C653D5A} = {22C4C2DA-E540-4325-810F-8E5220182E87}
		{471AD6D1-9068-4997-B64C-7B0EB4CF8958} = {22C4C2DA-E540-4325-810F-8E5220182E87}
		{F842EA84-7BC2-45C8-9ABB-2D3284B37646} = {22C4C2DA-E540-4325-810F-8E5220182E87}
		{3ED9B24E-454D-42D7-AEB6-580462DDA35A} = {22C4C2DA-E540-4325-810F-8E5220182E87}
		{7309E367-F6E9-4D69-8782-0B1E65D90E21} = {22C4C2DA-E540-4325-810F-8E5220182E87}
		{D42CFF53-B4CF-470D-A059-3903FB73A0CD} = {22C4C2DA-E540-4325-810F-8E5220182E87}
		{D1D525D1-518B-48C8-A14A-C0B06FA73C41} = {22C4C2DA-E540-4325-810F-8E5220182E87}
		{11DC3AB3-2169-4801-BB29-B7C32CACFC58} = {22C4C2DA-E540-4325-810F-8E5220182E87}
		{89629ED4-A30C-4C21-B908-243E13339FC5} = {22C4C2DA-E540-4325-810F-8E5220182E87}
		{5DD624C7-0C7E-45E3-9D59-7F31987432E1} = {22C4C2DA-E540-4325-810F-8E5220182E87}
		{2CEC84E3-809A-409D-8947-DA7AC67A8BED} = {22C4C2DA-E540-4325-810F-8E5220182E87}
		{62554F11-0C66-4438-AD70-E5F1C78F9A61} = {22C4C2DA-E540-4325-810F-8E5220182E87}
		{83FBBF58-C9BB-4EEB-9FFD-870B5991F085} = {22C4C2DA-E540-4325-810F-8E5220182E87}
		{680FD15C-EDB3-4072-8314-5A31D525D9BA} = {22C4C2DA-E540-4325-810F-8E5220182E87}
		{D6B44552-B482-4433-A380-AB29B863F454} = {22C4C2DA-E540-4325-810F-8E5220182E87}
		{59EC4271-DA20-4E68-A4DE-739E7F1E8C1B} = {22C4C2DA-E540-4325-810F-8E5220182E87}
		{C44A9C63-12FE-46DA-8250-602DEE42BF14} = {22C4C2DA-E540-4325-810F-8E5220182E87}
		{8F71412A-1CA7-41CB-88FF-0C891FC95151} = {22C4C2DA-E540-4325-810F-8E5220182E87}
		{D1060FAB-0A42-4431-BADE-EC7807A6FBC5} = {22C4C2DA-E540-4325-810F-8E5220182E87}
		{A3FF46F0-8816-4BF6-BA36-D642A0BE3F28} = {22C4C2DA-E540-4325-810F-8E5220182E87}
		{DFFEB8CD-BE93-4E74-BF42-F46EB63BBA0D} = {22C4C2DA-E540-4325-810F-8E5220182E87}
		{A48626A2-CF20-4EC8-9823-FF1DDA0D4CB7} = {22C4C2DA-E540-4325-810F-8E5220182E87}
		{E455F2BA-789B-40CD-95FB-01E372F574CB} = {22C4C2DA-E540-4325-810F-8E5220182E87}
		{206483F4-7B17-4656-BC03-5AE929A17EA2} = {22C4C2DA-E540-4325-810F-8E5220182E87}
	EndGlobalSection
	GlobalSection(ExtensibilityGlobals) = postSolution
		SolutionGuid = {276E8589-3CB6-4886-9BAF-83820BD5061F}
	EndGlobalSection
EndGlobal
